
Microsoft Visual Studio Solution File, Format Version 12.00
# Visual Studio 15
VisualStudioVersion = 15.0.27703.2026
MinimumVisualStudioVersion = 10.0.40219.1
Project("{9A19103F-16F7-4668-BE54-9A1E7A4F7556}") = "1_Array Statistics", "03_Arrays and Methods-More EXE\1_Array Statistics.csproj", "{81D79AA9-14E8-42E8-97F6-796ABE42414D}"
EndProject
Project("{9A19103F-16F7-4668-BE54-9A1E7A4F7556}") = "2_Manipulate Array", "2_Manipulate Array\2_Manipulate Array.csproj", "{CFC4162F-4561-45EF-B817-72647AF76FF8}"
EndProject
Project("{9A19103F-16F7-4668-BE54-9A1E7A4F7556}") = "3_Safe Manipulation", "3_Safe Manipulation\3_Safe Manipulation.csproj", "{D4CCD55F-7C6E-43B5-87F7-A71EB2AEDBB1}"
EndProject
Project("{9A19103F-16F7-4668-BE54-9A1E7A4F7556}") = "4_Grab and Go", "4_Grab and Go\4_Grab and Go.csproj", "{543496E0-1E64-459C-8EEE-80DB512ECCBE}"
EndProject
Project("{9A19103F-16F7-4668-BE54-9A1E7A4F7556}") = "5_Pizza Ingredients", "5_Pizza Ingredients\5_Pizza Ingredients.csproj", "{8CF8EA81-52FB-4AF4-A6EB-120604270900}"
EndProject
Project("{FAE04EC0-301F-11D3-BF4B-00C04F79EFBC}") = "6_Heists", "6_Heists\6_Heists.csproj", "{3DE7D90D-9ECD-4B7D-8E53-4892DCDC3646}"
EndProject
Project("{FAE04EC0-301F-11D3-BF4B-00C04F79EFBC}") = "7_Inventory Matcher", "7_Inventory Matcher\7_Inventory Matcher.csproj", "{6D393D3A-C331-4BE8-B312-7FC07005048D}"
EndProject
Project("{FAE04EC0-301F-11D3-BF4B-00C04F79EFBC}") = "8_Upgraded Matcher", "8_Upgraded Matcher\8_Upgraded Matcher.csproj", "{B0866C68-9A8A-444D-8341-8EE94B45ABC3}"
EndProject
Project("{FAE04EC0-301F-11D3-BF4B-00C04F79EFBC}") = "9_Jump Around", "9_Jump Around\9_Jump Around.csproj", "{4378AD4A-123E-4519-9B69-8914210EE313}"
EndProject
Global
	GlobalSection(SolutionConfigurationPlatforms) = preSolution
		Debug|Any CPU = Debug|Any CPU
		Release|Any CPU = Release|Any CPU
	EndGlobalSection
	GlobalSection(ProjectConfigurationPlatforms) = postSolution
		{81D79AA9-14E8-42E8-97F6-796ABE42414D}.Debug|Any CPU.ActiveCfg = Debug|Any CPU
		{81D79AA9-14E8-42E8-97F6-796ABE42414D}.Debug|Any CPU.Build.0 = Debug|Any CPU
		{81D79AA9-14E8-42E8-97F6-796ABE42414D}.Release|Any CPU.ActiveCfg = Release|Any CPU
		{81D79AA9-14E8-42E8-97F6-796ABE42414D}.Release|Any CPU.Build.0 = Release|Any CPU
		{CFC4162F-4561-45EF-B817-72647AF76FF8}.Debug|Any CPU.ActiveCfg = Debug|Any CPU
		{CFC4162F-4561-45EF-B817-72647AF76FF8}.Debug|Any CPU.Build.0 = Debug|Any CPU
		{CFC4162F-4561-45EF-B817-72647AF76FF8}.Release|Any CPU.ActiveCfg = Release|Any CPU
		{CFC4162F-4561-45EF-B817-72647AF76FF8}.Release|Any CPU.Build.0 = Release|Any CPU
		{D4CCD55F-7C6E-43B5-87F7-A71EB2AEDBB1}.Debug|Any CPU.ActiveCfg = Debug|Any CPU
		{D4CCD55F-7C6E-43B5-87F7-A71EB2AEDBB1}.Debug|Any CPU.Build.0 = Debug|Any CPU
		{D4CCD55F-7C6E-43B5-87F7-A71EB2AEDBB1}.Release|Any CPU.ActiveCfg = Release|Any CPU
		{D4CCD55F-7C6E-43B5-87F7-A71EB2AEDBB1}.Release|Any CPU.Build.0 = Release|Any CPU
		{543496E0-1E64-459C-8EEE-80DB512ECCBE}.Debug|Any CPU.ActiveCfg = Debug|Any CPU
		{543496E0-1E64-459C-8EEE-80DB512ECCBE}.Debug|Any CPU.Build.0 = Debug|Any CPU
		{543496E0-1E64-459C-8EEE-80DB512ECCBE}.Release|Any CPU.ActiveCfg = Release|Any CPU
		{543496E0-1E64-459C-8EEE-80DB512ECCBE}.Release|Any CPU.Build.0 = Release|Any CPU
		{8CF8EA81-52FB-4AF4-A6EB-120604270900}.Debug|Any CPU.ActiveCfg = Debug|Any CPU
		{8CF8EA81-52FB-4AF4-A6EB-120604270900}.Debug|Any CPU.Build.0 = Debug|Any CPU
		{8CF8EA81-52FB-4AF4-A6EB-120604270900}.Release|Any CPU.ActiveCfg = Release|Any CPU
		{8CF8EA81-52FB-4AF4-A6EB-120604270900}.Release|Any CPU.Build.0 = Release|Any CPU
		{3DE7D90D-9ECD-4B7D-8E53-4892DCDC3646}.Debug|Any CPU.ActiveCfg = Debug|Any CPU
		{3DE7D90D-9ECD-4B7D-8E53-4892DCDC3646}.Debug|Any CPU.Build.0 = Debug|Any CPU
		{3DE7D90D-9ECD-4B7D-8E53-4892DCDC3646}.Release|Any CPU.ActiveCfg = Release|Any CPU
		{3DE7D90D-9ECD-4B7D-8E53-4892DCDC3646}.Release|Any CPU.Build.0 = Release|Any CPU
		{6D393D3A-C331-4BE8-B312-7FC07005048D}.Debug|Any CPU.ActiveCfg = Debug|Any CPU
		{6D393D3A-C331-4BE8-B312-7FC07005048D}.Debug|Any CPU.Build.0 = Debug|Any CPU
		{6D393D3A-C331-4BE8-B312-7FC07005048D}.Release|Any CPU.ActiveCfg = Release|Any CPU
		{6D393D3A-C331-4BE8-B312-7FC07005048D}.Release|Any CPU.Build.0 = Release|Any CPU
		{B0866C68-9A8A-444D-8341-8EE94B45ABC3}.Debug|Any CPU.ActiveCfg = Debug|Any CPU
		{B0866C68-9A8A-444D-8341-8EE94B45ABC3}.Debug|Any CPU.Build.0 = Debug|Any CPU
		{B0866C68-9A8A-444D-8341-8EE94B45ABC3}.Release|Any CPU.ActiveCfg = Release|Any CPU
		{B0866C68-9A8A-444D-8341-8EE94B45ABC3}.Release|Any CPU.Build.0 = Release|Any CPU
		{4378AD4A-123E-4519-9B69-8914210EE313}.Debug|Any CPU.ActiveCfg = Debug|Any CPU
		{4378AD4A-123E-4519-9B69-8914210EE313}.Debug|Any CPU.Build.0 = Debug|Any CPU
		{4378AD4A-123E-4519-9B69-8914210EE313}.Release|Any CPU.ActiveCfg = Release|Any CPU
		{4378AD4A-123E-4519-9B69-8914210EE313}.Release|Any CPU.Build.0 = Release|Any CPU
	EndGlobalSection
	GlobalSection(SolutionProperties) = preSolution
		HideSolutionNode = FALSE
	EndGlobalSection
	GlobalSection(ExtensibilityGlobals) = postSolution
		SolutionGuid = {FA165B87-6321-4015-AF9C-F2C97699361E}
	EndGlobalSection
EndGlobal
