
Microsoft Visual Studio Solution File, Format Version 12.00
# Visual Studio 15
VisualStudioVersion = 15.0.27703.2035
MinimumVisualStudioVersion = 10.0.40219.1
Project("{9A19103F-16F7-4668-BE54-9A1E7A4F7556}") = "1_Max Sequence of Equal Elements", "04-Lists-EXE\1_Max Sequence of Equal Elements.csproj", "{834C4C96-69B1-4EF8-B506-88DA683D7BC5}"
EndProject
Project("{FAE04EC0-301F-11D3-BF4B-00C04F79EFBC}") = "2_Change List", "2_Change List\2_Change List.csproj", "{9BC0AF29-1D66-43F1-9B48-EAFBEA5C5282}"
EndProject
Project("{FAE04EC0-301F-11D3-BF4B-00C04F79EFBC}") = "3_Search for a Number", "3_Search for a Number\3_Search for a Number.csproj", "{638A3F7E-0FC4-4FF7-AC9B-4E85849E66B1}"
EndProject
Project("{FAE04EC0-301F-11D3-BF4B-00C04F79EFBC}") = "5_Array Manipulator", "5_Array Manipulator\5_Array Manipulator.csproj", "{97F04C98-DDB3-4C11-9B66-0820FC806997}"
EndProject
Global
	GlobalSection(SolutionConfigurationPlatforms) = preSolution
		Debug|Any CPU = Debug|Any CPU
		Release|Any CPU = Release|Any CPU
	EndGlobalSection
	GlobalSection(ProjectConfigurationPlatforms) = postSolution
		{834C4C96-69B1-4EF8-B506-88DA683D7BC5}.Debug|Any CPU.ActiveCfg = Debug|Any CPU
		{834C4C96-69B1-4EF8-B506-88DA683D7BC5}.Debug|Any CPU.Build.0 = Debug|Any CPU
		{834C4C96-69B1-4EF8-B506-88DA683D7BC5}.Release|Any CPU.ActiveCfg = Release|Any CPU
		{834C4C96-69B1-4EF8-B506-88DA683D7BC5}.Release|Any CPU.Build.0 = Release|Any CPU
		{9BC0AF29-1D66-43F1-9B48-EAFBEA5C5282}.Debug|Any CPU.ActiveCfg = Debug|Any CPU
		{9BC0AF29-1D66-43F1-9B48-EAFBEA5C5282}.Debug|Any CPU.Build.0 = Debug|Any CPU
		{9BC0AF29-1D66-43F1-9B48-EAFBEA5C5282}.Release|Any CPU.ActiveCfg = Release|Any CPU
		{9BC0AF29-1D66-43F1-9B48-EAFBEA5C5282}.Release|Any CPU.Build.0 = Release|Any CPU
		{638A3F7E-0FC4-4FF7-AC9B-4E85849E66B1}.Debug|Any CPU.ActiveCfg = Debug|Any CPU
		{638A3F7E-0FC4-4FF7-AC9B-4E85849E66B1}.Debug|Any CPU.Build.0 = Debug|Any CPU
		{638A3F7E-0FC4-4FF7-AC9B-4E85849E66B1}.Release|Any CPU.ActiveCfg = Release|Any CPU
		{638A3F7E-0FC4-4FF7-AC9B-4E85849E66B1}.Release|Any CPU.Build.0 = Release|Any CPU
		{97F04C98-DDB3-4C11-9B66-0820FC806997}.Debug|Any CPU.ActiveCfg = Debug|Any CPU
		{97F04C98-DDB3-4C11-9B66-0820FC806997}.Debug|Any CPU.Build.0 = Debug|Any CPU
		{97F04C98-DDB3-4C11-9B66-0820FC806997}.Release|Any CPU.ActiveCfg = Release|Any CPU
		{97F04C98-DDB3-4C11-9B66-0820FC806997}.Release|Any CPU.Build.0 = Release|Any CPU
	EndGlobalSection
	GlobalSection(SolutionProperties) = preSolution
		HideSolutionNode = FALSE
	EndGlobalSection
	GlobalSection(ExtensibilityGlobals) = postSolution
		SolutionGuid = {D339B0CD-0E20-4395-A605-1B0C75B5B618}
	EndGlobalSection
EndGlobal
