
Microsoft Visual Studio Solution File, Format Version 12.00
# Visual Studio 15
VisualStudioVersion = 15.0.27703.2035
MinimumVisualStudioVersion = 10.0.40219.1
Project("{FAE04EC0-301F-11D3-BF4B-00C04F79EFBC}") = "8_Mines", "08_Strings and Regular-More EXE\8_Mines.csproj", "{98AA8D65-EDC9-412E-B03F-A59B04DF32ED}"
EndProject
Global
	GlobalSection(SolutionConfigurationPlatforms) = preSolution
		Debug|Any CPU = Debug|Any CPU
		Release|Any CPU = Release|Any CPU
	EndGlobalSection
	GlobalSection(ProjectConfigurationPlatforms) = postSolution
		{98AA8D65-EDC9-412E-B03F-A59B04DF32ED}.Debug|Any CPU.ActiveCfg = Debug|Any CPU
		{98AA8D65-EDC9-412E-B03F-A59B04DF32ED}.Debug|Any CPU.Build.0 = Debug|Any CPU
		{98AA8D65-EDC9-412E-B03F-A59B04DF32ED}.Release|Any CPU.ActiveCfg = Release|Any CPU
		{98AA8D65-EDC9-412E-B03F-A59B04DF32ED}.Release|Any CPU.Build.0 = Release|Any CPU
	EndGlobalSection
	GlobalSection(SolutionProperties) = preSolution
		HideSolutionNode = FALSE
	EndGlobalSection
	GlobalSection(ExtensibilityGlobals) = postSolution
		SolutionGuid = {15D6A1AF-0175-4D82-8090-B2581DB04E53}
	EndGlobalSection
EndGlobal
