
Microsoft Visual Studio Solution File, Format Version 12.00
# Visual Studio 15
VisualStudioVersion = 15.0.27703.2035
MinimumVisualStudioVersion = 10.0.40219.1
Project("{FAE04EC0-301F-11D3-BF4B-00C04F79EFBC}") = "1. Student Information", "Intro and Basic Syntax - Lab\1. Student Information.csproj", "{39EFF835-A27E-410C-B645-0583C82E01AF}"
EndProject
Project("{FAE04EC0-301F-11D3-BF4B-00C04F79EFBC}") = "2. Passed", "2. Passed\2. Passed.csproj", "{DDD6DB82-21FE-4A79-B312-D19942DF7AC1}"
EndProject
Project("{FAE04EC0-301F-11D3-BF4B-00C04F79EFBC}") = "3. Passed or Failed", "3. Passed or Failed\3. Passed or Failed.csproj", "{45AB32EF-93C1-49E8-AACF-30D44DBB8E82}"
EndProject
Project("{FAE04EC0-301F-11D3-BF4B-00C04F79EFBC}") = "4. Back in 30 Minutes", "4. Back in 30 Minutes\4. Back in 30 Minutes.csproj", "{D4C2281B-0CD2-45F3-9B99-EB597DDE0172}"
EndProject
Project("{FAE04EC0-301F-11D3-BF4B-00C04F79EFBC}") = "5. Month Printer", "5. Month Printer\5. Month Printer.csproj", "{C1F39051-4694-4E1A-AE17-F20C497253BC}"
EndProject
Project("{FAE04EC0-301F-11D3-BF4B-00C04F79EFBC}") = "6. Foreign Languages", "6. Foreign Languages\6. Foreign Languages.csproj", "{9FC9A1E7-86DB-47C1-AFD1-4EA8330E7FF2}"
EndProject
Project("{FAE04EC0-301F-11D3-BF4B-00C04F79EFBC}") = "7. Theatre Promotions", "7. Theatre Promotions\7. Theatre Promotions.csproj", "{099013B1-B25B-447D-8426-2EF20253E4A2}"
EndProject
Project("{FAE04EC0-301F-11D3-BF4B-00C04F79EFBC}") = "8. Divisible by 3", "8. Divisible by 3\8. Divisible by 3.csproj", "{9C5AF053-DFD1-4FB7-8BBA-03F2AA8BF78F}"
EndProject
Project("{FAE04EC0-301F-11D3-BF4B-00C04F79EFBC}") = "9. Sum of Odd Numbers", "9. Sum of Odd Numbers\9. Sum of Odd Numbers.csproj", "{FCBB3FD9-B44B-4D7A-A7AF-879E19FA0E2C}"
EndProject
Project("{FAE04EC0-301F-11D3-BF4B-00C04F79EFBC}") = "10. Multiplication Table", "10. Multiplication Table\10. Multiplication Table.csproj", "{37DF653E-5C4C-47B5-ACAC-E56BDC65C432}"
EndProject
Project("{FAE04EC0-301F-11D3-BF4B-00C04F79EFBC}") = "11. Multiplication Table 2.0", "11. Multiplication Table 2.0\11. Multiplication Table 2.0.csproj", "{C14BF31E-1B40-4944-972D-C4FC0BD6B0D5}"
EndProject
Project("{FAE04EC0-301F-11D3-BF4B-00C04F79EFBC}") = "12. Even Number", "12. Even Number\12. Even Number.csproj", "{62E908E6-7B3E-4E18-B810-08416F093E64}"
EndProject
Project("{FAE04EC0-301F-11D3-BF4B-00C04F79EFBC}") = "13. Holidays Between Two Dates", "13. Holidays Between Two Dates\13. Holidays Between Two Dates.csproj", "{674A8E19-CEAB-4039-88DC-E41F265704B7}"
EndProject
Global
	GlobalSection(SolutionConfigurationPlatforms) = preSolution
		Debug|Any CPU = Debug|Any CPU
		Release|Any CPU = Release|Any CPU
	EndGlobalSection
	GlobalSection(ProjectConfigurationPlatforms) = postSolution
		{39EFF835-A27E-410C-B645-0583C82E01AF}.Debug|Any CPU.ActiveCfg = Debug|Any CPU
		{39EFF835-A27E-410C-B645-0583C82E01AF}.Debug|Any CPU.Build.0 = Debug|Any CPU
		{39EFF835-A27E-410C-B645-0583C82E01AF}.Release|Any CPU.ActiveCfg = Release|Any CPU
		{39EFF835-A27E-410C-B645-0583C82E01AF}.Release|Any CPU.Build.0 = Release|Any CPU
		{DDD6DB82-21FE-4A79-B312-D19942DF7AC1}.Debug|Any CPU.ActiveCfg = Debug|Any CPU
		{DDD6DB82-21FE-4A79-B312-D19942DF7AC1}.Debug|Any CPU.Build.0 = Debug|Any CPU
		{DDD6DB82-21FE-4A79-B312-D19942DF7AC1}.Release|Any CPU.ActiveCfg = Release|Any CPU
		{DDD6DB82-21FE-4A79-B312-D19942DF7AC1}.Release|Any CPU.Build.0 = Release|Any CPU
		{45AB32EF-93C1-49E8-AACF-30D44DBB8E82}.Debug|Any CPU.ActiveCfg = Debug|Any CPU
		{45AB32EF-93C1-49E8-AACF-30D44DBB8E82}.Debug|Any CPU.Build.0 = Debug|Any CPU
		{45AB32EF-93C1-49E8-AACF-30D44DBB8E82}.Release|Any CPU.ActiveCfg = Release|Any CPU
		{45AB32EF-93C1-49E8-AACF-30D44DBB8E82}.Release|Any CPU.Build.0 = Release|Any CPU
		{D4C2281B-0CD2-45F3-9B99-EB597DDE0172}.Debug|Any CPU.ActiveCfg = Debug|Any CPU
		{D4C2281B-0CD2-45F3-9B99-EB597DDE0172}.Debug|Any CPU.Build.0 = Debug|Any CPU
		{D4C2281B-0CD2-45F3-9B99-EB597DDE0172}.Release|Any CPU.ActiveCfg = Release|Any CPU
		{D4C2281B-0CD2-45F3-9B99-EB597DDE0172}.Release|Any CPU.Build.0 = Release|Any CPU
		{C1F39051-4694-4E1A-AE17-F20C497253BC}.Debug|Any CPU.ActiveCfg = Debug|Any CPU
		{C1F39051-4694-4E1A-AE17-F20C497253BC}.Debug|Any CPU.Build.0 = Debug|Any CPU
		{C1F39051-4694-4E1A-AE17-F20C497253BC}.Release|Any CPU.ActiveCfg = Release|Any CPU
		{C1F39051-4694-4E1A-AE17-F20C497253BC}.Release|Any CPU.Build.0 = Release|Any CPU
		{9FC9A1E7-86DB-47C1-AFD1-4EA8330E7FF2}.Debug|Any CPU.ActiveCfg = Debug|Any CPU
		{9FC9A1E7-86DB-47C1-AFD1-4EA8330E7FF2}.Debug|Any CPU.Build.0 = Debug|Any CPU
		{9FC9A1E7-86DB-47C1-AFD1-4EA8330E7FF2}.Release|Any CPU.ActiveCfg = Release|Any CPU
		{9FC9A1E7-86DB-47C1-AFD1-4EA8330E7FF2}.Release|Any CPU.Build.0 = Release|Any CPU
		{099013B1-B25B-447D-8426-2EF20253E4A2}.Debug|Any CPU.ActiveCfg = Debug|Any CPU
		{099013B1-B25B-447D-8426-2EF20253E4A2}.Debug|Any CPU.Build.0 = Debug|Any CPU
		{099013B1-B25B-447D-8426-2EF20253E4A2}.Release|Any CPU.ActiveCfg = Release|Any CPU
		{099013B1-B25B-447D-8426-2EF20253E4A2}.Release|Any CPU.Build.0 = Release|Any CPU
		{9C5AF053-DFD1-4FB7-8BBA-03F2AA8BF78F}.Debug|Any CPU.ActiveCfg = Debug|Any CPU
		{9C5AF053-DFD1-4FB7-8BBA-03F2AA8BF78F}.Debug|Any CPU.Build.0 = Debug|Any CPU
		{9C5AF053-DFD1-4FB7-8BBA-03F2AA8BF78F}.Release|Any CPU.ActiveCfg = Release|Any CPU
		{9C5AF053-DFD1-4FB7-8BBA-03F2AA8BF78F}.Release|Any CPU.Build.0 = Release|Any CPU
		{FCBB3FD9-B44B-4D7A-A7AF-879E19FA0E2C}.Debug|Any CPU.ActiveCfg = Debug|Any CPU
		{FCBB3FD9-B44B-4D7A-A7AF-879E19FA0E2C}.Debug|Any CPU.Build.0 = Debug|Any CPU
		{FCBB3FD9-B44B-4D7A-A7AF-879E19FA0E2C}.Release|Any CPU.ActiveCfg = Release|Any CPU
		{FCBB3FD9-B44B-4D7A-A7AF-879E19FA0E2C}.Release|Any CPU.Build.0 = Release|Any CPU
		{37DF653E-5C4C-47B5-ACAC-E56BDC65C432}.Debug|Any CPU.ActiveCfg = Debug|Any CPU
		{37DF653E-5C4C-47B5-ACAC-E56BDC65C432}.Debug|Any CPU.Build.0 = Debug|Any CPU
		{37DF653E-5C4C-47B5-ACAC-E56BDC65C432}.Release|Any CPU.ActiveCfg = Release|Any CPU
		{37DF653E-5C4C-47B5-ACAC-E56BDC65C432}.Release|Any CPU.Build.0 = Release|Any CPU
		{C14BF31E-1B40-4944-972D-C4FC0BD6B0D5}.Debug|Any CPU.ActiveCfg = Debug|Any CPU
		{C14BF31E-1B40-4944-972D-C4FC0BD6B0D5}.Debug|Any CPU.Build.0 = Debug|Any CPU
		{C14BF31E-1B40-4944-972D-C4FC0BD6B0D5}.Release|Any CPU.ActiveCfg = Release|Any CPU
		{C14BF31E-1B40-4944-972D-C4FC0BD6B0D5}.Release|Any CPU.Build.0 = Release|Any CPU
		{62E908E6-7B3E-4E18-B810-08416F093E64}.Debug|Any CPU.ActiveCfg = Debug|Any CPU
		{62E908E6-7B3E-4E18-B810-08416F093E64}.Debug|Any CPU.Build.0 = Debug|Any CPU
		{62E908E6-7B3E-4E18-B810-08416F093E64}.Release|Any CPU.ActiveCfg = Release|Any CPU
		{62E908E6-7B3E-4E18-B810-08416F093E64}.Release|Any CPU.Build.0 = Release|Any CPU
		{674A8E19-CEAB-4039-88DC-E41F265704B7}.Debug|Any CPU.ActiveCfg = Debug|Any CPU
		{674A8E19-CEAB-4039-88DC-E41F265704B7}.Debug|Any CPU.Build.0 = Debug|Any CPU
		{674A8E19-CEAB-4039-88DC-E41F265704B7}.Release|Any CPU.ActiveCfg = Release|Any CPU
		{674A8E19-CEAB-4039-88DC-E41F265704B7}.Release|Any CPU.Build.0 = Release|Any CPU
	EndGlobalSection
	GlobalSection(SolutionProperties) = preSolution
		HideSolutionNode = FALSE
	EndGlobalSection
	GlobalSection(ExtensibilityGlobals) = postSolution
		SolutionGuid = {5446BEC1-36BE-49CC-B742-A430DBD51931}
	EndGlobalSection
EndGlobal
