
Microsoft Visual Studio Solution File, Format Version 12.00
# Visual Studio 15
VisualStudioVersion = 15.0.27703.2035
MinimumVisualStudioVersion = 10.0.40219.1
Project("{9A19103F-16F7-4668-BE54-9A1E7A4F7556}") = "7-Andrey and Billiard", "06_Objects and Classes-EXE\7-Andrey and Billiard.csproj", "{06CAC48C-B910-4935-9EEF-B93C170476FE}"
EndProject
Project("{9A19103F-16F7-4668-BE54-9A1E7A4F7556}") = "8_Mentor Group", "ConsoleApp1\8_Mentor Group.csproj", "{76C7A093-1EEA-4BC3-8B09-5E93FB68E664}"
EndProject
Global
	GlobalSection(SolutionConfigurationPlatforms) = preSolution
		Debug|Any CPU = Debug|Any CPU
		Release|Any CPU = Release|Any CPU
	EndGlobalSection
	GlobalSection(ProjectConfigurationPlatforms) = postSolution
		{06CAC48C-B910-4935-9EEF-B93C170476FE}.Debug|Any CPU.ActiveCfg = Debug|Any CPU
		{06CAC48C-B910-4935-9EEF-B93C170476FE}.Debug|Any CPU.Build.0 = Debug|Any CPU
		{06CAC48C-B910-4935-9EEF-B93C170476FE}.Release|Any CPU.ActiveCfg = Release|Any CPU
		{06CAC48C-B910-4935-9EEF-B93C170476FE}.Release|Any CPU.Build.0 = Release|Any CPU
		{76C7A093-1EEA-4BC3-8B09-5E93FB68E664}.Debug|Any CPU.ActiveCfg = Debug|Any CPU
		{76C7A093-1EEA-4BC3-8B09-5E93FB68E664}.Debug|Any CPU.Build.0 = Debug|Any CPU
		{76C7A093-1EEA-4BC3-8B09-5E93FB68E664}.Release|Any CPU.ActiveCfg = Release|Any CPU
		{76C7A093-1EEA-4BC3-8B09-5E93FB68E664}.Release|Any CPU.Build.0 = Release|Any CPU
	EndGlobalSection
	GlobalSection(SolutionProperties) = preSolution
		HideSolutionNode = FALSE
	EndGlobalSection
	GlobalSection(ExtensibilityGlobals) = postSolution
		SolutionGuid = {67BB4CDD-DAFF-4798-8B05-6D61632D0DEE}
	EndGlobalSection
EndGlobal
