
Microsoft Visual Studio Solution File, Format Version 12.00
# Visual Studio 15
VisualStudioVersion = 15.0.27703.2026
MinimumVisualStudioVersion = 10.0.40219.1
Project("{9A19103F-16F7-4668-BE54-9A1E7A4F7556}") = "1_Remove Negatives and Reverse", "04_Lists\1_Remove Negatives and Reverse.csproj", "{CA2C22E4-F1E5-41D6-8B34-9411D3FF5DD8}"
EndProject
Project("{9A19103F-16F7-4668-BE54-9A1E7A4F7556}") = "2_Append Lists", "2_Append Lists\2_Append Lists.csproj", "{A081FA21-6DA1-4F02-AE56-DDFA19320AF5}"
EndProject
Project("{9A19103F-16F7-4668-BE54-9A1E7A4F7556}") = "3_um Adjacent Equal Numbers", "3_um Adjacent Equal Numbers\3_um Adjacent Equal Numbers.csproj", "{CEF39DBD-23A1-4844-ACBE-18BB5A389BD9}"
EndProject
Project("{FAE04EC0-301F-11D3-BF4B-00C04F79EFBC}") = "4_Split by Word Casing", "4_Split by Word Casing\4_Split by Word Casing.csproj", "{66CEDCAC-0D51-43E2-9C97-9F4E9FAE56E4}"
EndProject
Project("{FAE04EC0-301F-11D3-BF4B-00C04F79EFBC}") = "5_Sort Numbers", "5_Sort Numbers\5_Sort Numbers.csproj", "{7B0F0891-8512-424E-AE61-2C3E40FC119C}"
EndProject
Project("{FAE04EC0-301F-11D3-BF4B-00C04F79EFBC}") = "6_Square Numbers", "6_Square Numbers\6_Square Numbers.csproj", "{4868E276-7389-4484-9864-610B390D4141}"
EndProject
Project("{FAE04EC0-301F-11D3-BF4B-00C04F79EFBC}") = "7_Count Numbers", "7_Count Numbers\7_Count Numbers.csproj", "{02008E4C-D775-40B6-81AD-8E1D5298B9FA}"
EndProject
Global
	GlobalSection(SolutionConfigurationPlatforms) = preSolution
		Debug|Any CPU = Debug|Any CPU
		Release|Any CPU = Release|Any CPU
	EndGlobalSection
	GlobalSection(ProjectConfigurationPlatforms) = postSolution
		{CA2C22E4-F1E5-41D6-8B34-9411D3FF5DD8}.Debug|Any CPU.ActiveCfg = Debug|Any CPU
		{CA2C22E4-F1E5-41D6-8B34-9411D3FF5DD8}.Debug|Any CPU.Build.0 = Debug|Any CPU
		{CA2C22E4-F1E5-41D6-8B34-9411D3FF5DD8}.Release|Any CPU.ActiveCfg = Release|Any CPU
		{CA2C22E4-F1E5-41D6-8B34-9411D3FF5DD8}.Release|Any CPU.Build.0 = Release|Any CPU
		{A081FA21-6DA1-4F02-AE56-DDFA19320AF5}.Debug|Any CPU.ActiveCfg = Debug|Any CPU
		{A081FA21-6DA1-4F02-AE56-DDFA19320AF5}.Debug|Any CPU.Build.0 = Debug|Any CPU
		{A081FA21-6DA1-4F02-AE56-DDFA19320AF5}.Release|Any CPU.ActiveCfg = Release|Any CPU
		{A081FA21-6DA1-4F02-AE56-DDFA19320AF5}.Release|Any CPU.Build.0 = Release|Any CPU
		{CEF39DBD-23A1-4844-ACBE-18BB5A389BD9}.Debug|Any CPU.ActiveCfg = Debug|Any CPU
		{CEF39DBD-23A1-4844-ACBE-18BB5A389BD9}.Debug|Any CPU.Build.0 = Debug|Any CPU
		{CEF39DBD-23A1-4844-ACBE-18BB5A389BD9}.Release|Any CPU.ActiveCfg = Release|Any CPU
		{CEF39DBD-23A1-4844-ACBE-18BB5A389BD9}.Release|Any CPU.Build.0 = Release|Any CPU
		{66CEDCAC-0D51-43E2-9C97-9F4E9FAE56E4}.Debug|Any CPU.ActiveCfg = Debug|Any CPU
		{66CEDCAC-0D51-43E2-9C97-9F4E9FAE56E4}.Debug|Any CPU.Build.0 = Debug|Any CPU
		{66CEDCAC-0D51-43E2-9C97-9F4E9FAE56E4}.Release|Any CPU.ActiveCfg = Release|Any CPU
		{66CEDCAC-0D51-43E2-9C97-9F4E9FAE56E4}.Release|Any CPU.Build.0 = Release|Any CPU
		{7B0F0891-8512-424E-AE61-2C3E40FC119C}.Debug|Any CPU.ActiveCfg = Debug|Any CPU
		{7B0F0891-8512-424E-AE61-2C3E40FC119C}.Debug|Any CPU.Build.0 = Debug|Any CPU
		{7B0F0891-8512-424E-AE61-2C3E40FC119C}.Release|Any CPU.ActiveCfg = Release|Any CPU
		{7B0F0891-8512-424E-AE61-2C3E40FC119C}.Release|Any CPU.Build.0 = Release|Any CPU
		{4868E276-7389-4484-9864-610B390D4141}.Debug|Any CPU.ActiveCfg = Debug|Any CPU
		{4868E276-7389-4484-9864-610B390D4141}.Debug|Any CPU.Build.0 = Debug|Any CPU
		{4868E276-7389-4484-9864-610B390D4141}.Release|Any CPU.ActiveCfg = Release|Any CPU
		{4868E276-7389-4484-9864-610B390D4141}.Release|Any CPU.Build.0 = Release|Any CPU
		{02008E4C-D775-40B6-81AD-8E1D5298B9FA}.Debug|Any CPU.ActiveCfg = Debug|Any CPU
		{02008E4C-D775-40B6-81AD-8E1D5298B9FA}.Debug|Any CPU.Build.0 = Debug|Any CPU
		{02008E4C-D775-40B6-81AD-8E1D5298B9FA}.Release|Any CPU.ActiveCfg = Release|Any CPU
		{02008E4C-D775-40B6-81AD-8E1D5298B9FA}.Release|Any CPU.Build.0 = Release|Any CPU
	EndGlobalSection
	GlobalSection(SolutionProperties) = preSolution
		HideSolutionNode = FALSE
	EndGlobalSection
	GlobalSection(ExtensibilityGlobals) = postSolution
		SolutionGuid = {DEA6DA7C-BFA9-46C2-9A41-F74DE731597B}
	EndGlobalSection
EndGlobal
