
Microsoft Visual Studio Solution File, Format Version 12.00
# Visual Studio 15
VisualStudioVersion = 15.0.27703.2035
MinimumVisualStudioVersion = 10.0.40219.1
Project("{FAE04EC0-301F-11D3-BF4B-00C04F79EFBC}") = "1_Centuries_to_Minutes", "01_Data_Types_and_Variables-LAB\1_Centuries_to_Minutes.csproj", "{5CF1D9C1-2E80-444E-BA11-B3D9C28E743E}"
EndProject
Project("{FAE04EC0-301F-11D3-BF4B-00C04F79EFBC}") = "2_Circle_Area_(12 Digits Precision)", "02_Circle_Area_(12 Digits Precision)\2_Circle_Area_(12 Digits Precision).csproj", "{5B20017C-38DD-4F2C-B101-6490DFA48765}"
EndProject
Project("{FAE04EC0-301F-11D3-BF4B-00C04F79EFBC}") = "3_Exact_Sum_of_Real_Numbers", "3_Exact_Sum_of_Real_Numbers\3_Exact_Sum_of_Real_Numbers.csproj", "{6CDE4CF5-F3B8-4AC9-A61D-CD5411BA1439}"
EndProject
Project("{FAE04EC0-301F-11D3-BF4B-00C04F79EFBC}") = "4_Elevator", "4_Elevator\4_Elevator.csproj", "{6611625F-9B45-45CD-9B38-5ABC67B38710}"
EndProject
Project("{FAE04EC0-301F-11D3-BF4B-00C04F79EFBC}") = "5_Special_Numbers", "5_Special_Numbers\5_Special_Numbers.csproj", "{8BC5C9F4-0177-4AC1-8A49-D4E467E346C0}"
EndProject
Project("{FAE04EC0-301F-11D3-BF4B-00C04F79EFBC}") = "6_Triples_of_Latin_Letters", "6_Triples_of_Latin_Letters\6_Triples_of_Latin_Letters.csproj", "{C8C52C22-D835-47E3-AAA6-C2BB74F1806C}"
EndProject
Project("{FAE04EC0-301F-11D3-BF4B-00C04F79EFBC}") = "7_Greeting", "7_Greeting\7_Greeting.csproj", "{3FC871D7-BFC9-48B9-8E0C-AD1A7E11D83D}"
EndProject
Project("{FAE04EC0-301F-11D3-BF4B-00C04F79EFBC}") = "8_Refactor_Volume_of_Pyramid", "8_Refactor_Volume_of_Pyramid\8_Refactor_Volume_of_Pyramid.csproj", "{6276F176-7DEB-48D2-B89C-FB04C17A9141}"
EndProject
Project("{FAE04EC0-301F-11D3-BF4B-00C04F79EFBC}") = "9_Refactor_Special_Numbers", "9_Refactor_Special_Numbers\9_Refactor_Special_Numbers.csproj", "{9D3F4AC0-2ECF-49B5-8EA9-BE0E3C849CBC}"
EndProject
Global
	GlobalSection(SolutionConfigurationPlatforms) = preSolution
		Debug|Any CPU = Debug|Any CPU
		Release|Any CPU = Release|Any CPU
	EndGlobalSection
	GlobalSection(ProjectConfigurationPlatforms) = postSolution
		{5CF1D9C1-2E80-444E-BA11-B3D9C28E743E}.Debug|Any CPU.ActiveCfg = Debug|Any CPU
		{5CF1D9C1-2E80-444E-BA11-B3D9C28E743E}.Debug|Any CPU.Build.0 = Debug|Any CPU
		{5CF1D9C1-2E80-444E-BA11-B3D9C28E743E}.Release|Any CPU.ActiveCfg = Release|Any CPU
		{5CF1D9C1-2E80-444E-BA11-B3D9C28E743E}.Release|Any CPU.Build.0 = Release|Any CPU
		{5B20017C-38DD-4F2C-B101-6490DFA48765}.Debug|Any CPU.ActiveCfg = Debug|Any CPU
		{5B20017C-38DD-4F2C-B101-6490DFA48765}.Debug|Any CPU.Build.0 = Debug|Any CPU
		{5B20017C-38DD-4F2C-B101-6490DFA48765}.Release|Any CPU.ActiveCfg = Release|Any CPU
		{5B20017C-38DD-4F2C-B101-6490DFA48765}.Release|Any CPU.Build.0 = Release|Any CPU
		{6CDE4CF5-F3B8-4AC9-A61D-CD5411BA1439}.Debug|Any CPU.ActiveCfg = Debug|Any CPU
		{6CDE4CF5-F3B8-4AC9-A61D-CD5411BA1439}.Debug|Any CPU.Build.0 = Debug|Any CPU
		{6CDE4CF5-F3B8-4AC9-A61D-CD5411BA1439}.Release|Any CPU.ActiveCfg = Release|Any CPU
		{6CDE4CF5-F3B8-4AC9-A61D-CD5411BA1439}.Release|Any CPU.Build.0 = Release|Any CPU
		{6611625F-9B45-45CD-9B38-5ABC67B38710}.Debug|Any CPU.ActiveCfg = Debug|Any CPU
		{6611625F-9B45-45CD-9B38-5ABC67B38710}.Debug|Any CPU.Build.0 = Debug|Any CPU
		{6611625F-9B45-45CD-9B38-5ABC67B38710}.Release|Any CPU.ActiveCfg = Release|Any CPU
		{6611625F-9B45-45CD-9B38-5ABC67B38710}.Release|Any CPU.Build.0 = Release|Any CPU
		{8BC5C9F4-0177-4AC1-8A49-D4E467E346C0}.Debug|Any CPU.ActiveCfg = Debug|Any CPU
		{8BC5C9F4-0177-4AC1-8A49-D4E467E346C0}.Debug|Any CPU.Build.0 = Debug|Any CPU
		{8BC5C9F4-0177-4AC1-8A49-D4E467E346C0}.Release|Any CPU.ActiveCfg = Release|Any CPU
		{8BC5C9F4-0177-4AC1-8A49-D4E467E346C0}.Release|Any CPU.Build.0 = Release|Any CPU
		{C8C52C22-D835-47E3-AAA6-C2BB74F1806C}.Debug|Any CPU.ActiveCfg = Debug|Any CPU
		{C8C52C22-D835-47E3-AAA6-C2BB74F1806C}.Debug|Any CPU.Build.0 = Debug|Any CPU
		{C8C52C22-D835-47E3-AAA6-C2BB74F1806C}.Release|Any CPU.ActiveCfg = Release|Any CPU
		{C8C52C22-D835-47E3-AAA6-C2BB74F1806C}.Release|Any CPU.Build.0 = Release|Any CPU
		{3FC871D7-BFC9-48B9-8E0C-AD1A7E11D83D}.Debug|Any CPU.ActiveCfg = Debug|Any CPU
		{3FC871D7-BFC9-48B9-8E0C-AD1A7E11D83D}.Debug|Any CPU.Build.0 = Debug|Any CPU
		{3FC871D7-BFC9-48B9-8E0C-AD1A7E11D83D}.Release|Any CPU.ActiveCfg = Release|Any CPU
		{3FC871D7-BFC9-48B9-8E0C-AD1A7E11D83D}.Release|Any CPU.Build.0 = Release|Any CPU
		{6276F176-7DEB-48D2-B89C-FB04C17A9141}.Debug|Any CPU.ActiveCfg = Debug|Any CPU
		{6276F176-7DEB-48D2-B89C-FB04C17A9141}.Debug|Any CPU.Build.0 = Debug|Any CPU
		{6276F176-7DEB-48D2-B89C-FB04C17A9141}.Release|Any CPU.ActiveCfg = Release|Any CPU
		{6276F176-7DEB-48D2-B89C-FB04C17A9141}.Release|Any CPU.Build.0 = Release|Any CPU
		{9D3F4AC0-2ECF-49B5-8EA9-BE0E3C849CBC}.Debug|Any CPU.ActiveCfg = Debug|Any CPU
		{9D3F4AC0-2ECF-49B5-8EA9-BE0E3C849CBC}.Debug|Any CPU.Build.0 = Debug|Any CPU
		{9D3F4AC0-2ECF-49B5-8EA9-BE0E3C849CBC}.Release|Any CPU.ActiveCfg = Release|Any CPU
		{9D3F4AC0-2ECF-49B5-8EA9-BE0E3C849CBC}.Release|Any CPU.Build.0 = Release|Any CPU
	EndGlobalSection
	GlobalSection(SolutionProperties) = preSolution
		HideSolutionNode = FALSE
	EndGlobalSection
	GlobalSection(ExtensibilityGlobals) = postSolution
		SolutionGuid = {BF1E1555-177A-4BF4-8ED7-00799C12DAC4}
	EndGlobalSection
EndGlobal
